
Microsoft Visual Studio Solution File, Format Version 12.00
# Visual Studio 15
VisualStudioVersion = 15.0.26124.0
MinimumVisualStudioVersion = 15.0.26124.0
Project("{2150E333-8FDC-42A3-9474-1A3956D46DE8}") = "src", "src", "{0C50B87E-5E13-494A-AF23-FF4F33D42889}"
EndProject
Project("{2150E333-8FDC-42A3-9474-1A3956D46DE8}") = "Apis", "Apis", "{6AEBAEF1-1D69-4937-A788-7F3E1CD0CBAC}"
EndProject
Project("{2150E333-8FDC-42A3-9474-1A3956D46DE8}") = "Nswag", "Nswag", "{696CCB62-C0FC-45BC-96B4-30CF4D89891A}"
EndProject
Project("{FAE04EC0-301F-11D3-BF4B-00C04F79EFBC}") = "Kaylumah.GenerateCSharpClientForOpenAPI.Apis.Nswag.WeatherForecastApi", "src\Apis\Nswag\WeatherForecastApi\Kaylumah.GenerateCSharpClientForOpenAPI.Apis.Nswag.WeatherForecastApi.csproj", "{FCF06310-D049-4CFE-B109-FA2B3662D239}"
EndProject
Project("{2150E333-8FDC-42A3-9474-1A3956D46DE8}") = "Swashbuckle", "Swashbuckle", "{AD089B1B-664F-428D-9287-55C28F320449}"
EndProject
Project("{FAE04EC0-301F-11D3-BF4B-00C04F79EFBC}") = "Kaylumah.GenerateCSharpClientForOpenAPI.Apis.Swashbuckle.WeatherForecastApi", "src\Apis\Swashbuckle\WeatherForecastApi\Kaylumah.GenerateCSharpClientForOpenAPI.Apis.Swashbuckle.WeatherForecastApi.csproj", "{EF9CCFD3-181A-4987-BAFC-F8377408F99C}"
EndProject
Project("{2150E333-8FDC-42A3-9474-1A3956D46DE8}") = "Client", "Client", "{E1FCD4A1-D89C-4DA7-88FF-A01DD9D08995}"
EndProject
Project("{FAE04EC0-301F-11D3-BF4B-00C04F79EFBC}") = "Kaylumah.GenerateCSharpClientForOpenAPI.Client.ApiClient", "src\Client\ApiClient\Kaylumah.GenerateCSharpClientForOpenAPI.Client.ApiClient.csproj", "{BFF69625-DAE4-4B16-9F5C-1C2D58F33DAF}"
EndProject
Project("{2150E333-8FDC-42A3-9474-1A3956D46DE8}") = "Sdks", "Sdks", "{40CA5470-9EA5-4CCD-B5EC-C89600464307}"
EndProject
Project("{FAE04EC0-301F-11D3-BF4B-00C04F79EFBC}") = "Kaylumah.GenerateCSharpClientForOpenAPI.Sdks.FromNswagApi", "src\Sdks\FromNswagApi\Kaylumah.GenerateCSharpClientForOpenAPI.Sdks.FromNswagApi.csproj", "{E84ADDEA-989C-4D0A-9F11-21B41BB49434}"
EndProject
Project("{FAE04EC0-301F-11D3-BF4B-00C04F79EFBC}") = "Kaylumah.GenerateCSharpClientForOpenAPI.Sdks.FromSwashbuckleApi", "src\Sdks\FromSwashbuckleApi\Kaylumah.GenerateCSharpClientForOpenAPI.Sdks.FromSwashbuckleApi.csproj", "{EC2E39BD-2898-44F6-8C31-2D03E1F89B47}"
EndProject
Project("{FAE04EC0-301F-11D3-BF4B-00C04F79EFBC}") = "Kaylumah.GenerateCSharpClientForOpenAPI.Sdks.PetStore", "src\Sdks\PetStore\Kaylumah.GenerateCSharpClientForOpenAPI.Sdks.PetStore.csproj", "{8776E81C-19CB-4893-B758-39459B27DF53}"
EndProject
Global
	GlobalSection(SolutionConfigurationPlatforms) = preSolution
		Debug|Any CPU = Debug|Any CPU
		Debug|x64 = Debug|x64
		Debug|x86 = Debug|x86
		Release|Any CPU = Release|Any CPU
		Release|x64 = Release|x64
		Release|x86 = Release|x86
	EndGlobalSection
	GlobalSection(SolutionProperties) = preSolution
		HideSolutionNode = FALSE
	EndGlobalSection
	GlobalSection(ProjectConfigurationPlatforms) = postSolution
		{FCF06310-D049-4CFE-B109-FA2B3662D239}.Debug|Any CPU.ActiveCfg = Debug|Any CPU
		{FCF06310-D049-4CFE-B109-FA2B3662D239}.Debug|Any CPU.Build.0 = Debug|Any CPU
		{FCF06310-D049-4CFE-B109-FA2B3662D239}.Debug|x64.ActiveCfg = Debug|Any CPU
		{FCF06310-D049-4CFE-B109-FA2B3662D239}.Debug|x64.Build.0 = Debug|Any CPU
		{FCF06310-D049-4CFE-B109-FA2B3662D239}.Debug|x86.ActiveCfg = Debug|Any CPU
		{FCF06310-D049-4CFE-B109-FA2B3662D239}.Debug|x86.Build.0 = Debug|Any CPU
		{FCF06310-D049-4CFE-B109-FA2B3662D239}.Release|Any CPU.ActiveCfg = Release|Any CPU
		{FCF06310-D049-4CFE-B109-FA2B3662D239}.Release|Any CPU.Build.0 = Release|Any CPU
		{FCF06310-D049-4CFE-B109-FA2B3662D239}.Release|x64.ActiveCfg = Release|Any CPU
		{FCF06310-D049-4CFE-B109-FA2B3662D239}.Release|x64.Build.0 = Release|Any CPU
		{FCF06310-D049-4CFE-B109-FA2B3662D239}.Release|x86.ActiveCfg = Release|Any CPU
		{FCF06310-D049-4CFE-B109-FA2B3662D239}.Release|x86.Build.0 = Release|Any CPU
		{EF9CCFD3-181A-4987-BAFC-F8377408F99C}.Debug|Any CPU.ActiveCfg = Debug|Any CPU
		{EF9CCFD3-181A-4987-BAFC-F8377408F99C}.Debug|Any CPU.Build.0 = Debug|Any CPU
		{EF9CCFD3-181A-4987-BAFC-F8377408F99C}.Debug|x64.ActiveCfg = Debug|Any CPU
		{EF9CCFD3-181A-4987-BAFC-F8377408F99C}.Debug|x64.Build.0 = Debug|Any CPU
		{EF9CCFD3-181A-4987-BAFC-F8377408F99C}.Debug|x86.ActiveCfg = Debug|Any CPU
		{EF9CCFD3-181A-4987-BAFC-F8377408F99C}.Debug|x86.Build.0 = Debug|Any CPU
		{EF9CCFD3-181A-4987-BAFC-F8377408F99C}.Release|Any CPU.ActiveCfg = Release|Any CPU
		{EF9CCFD3-181A-4987-BAFC-F8377408F99C}.Release|Any CPU.Build.0 = Release|Any CPU
		{EF9CCFD3-181A-4987-BAFC-F8377408F99C}.Release|x64.ActiveCfg = Release|Any CPU
		{EF9CCFD3-181A-4987-BAFC-F8377408F99C}.Release|x64.Build.0 = Release|Any CPU
		{EF9CCFD3-181A-4987-BAFC-F8377408F99C}.Release|x86.ActiveCfg = Release|Any CPU
		{EF9CCFD3-181A-4987-BAFC-F8377408F99C}.Release|x86.Build.0 = Release|Any CPU
		{BFF69625-DAE4-4B16-9F5C-1C2D58F33DAF}.Debug|Any CPU.ActiveCfg = Debug|Any CPU
		{BFF69625-DAE4-4B16-9F5C-1C2D58F33DAF}.Debug|Any CPU.Build.0 = Debug|Any CPU
		{BFF69625-DAE4-4B16-9F5C-1C2D58F33DAF}.Debug|x64.ActiveCfg = Debug|Any CPU
		{BFF69625-DAE4-4B16-9F5C-1C2D58F33DAF}.Debug|x64.Build.0 = Debug|Any CPU
		{BFF69625-DAE4-4B16-9F5C-1C2D58F33DAF}.Debug|x86.ActiveCfg = Debug|Any CPU
		{BFF69625-DAE4-4B16-9F5C-1C2D58F33DAF}.Debug|x86.Build.0 = Debug|Any CPU
		{BFF69625-DAE4-4B16-9F5C-1C2D58F33DAF}.Release|Any CPU.ActiveCfg = Release|Any CPU
		{BFF69625-DAE4-4B16-9F5C-1C2D58F33DAF}.Release|Any CPU.Build.0 = Release|Any CPU
		{BFF69625-DAE4-4B16-9F5C-1C2D58F33DAF}.Release|x64.ActiveCfg = Release|Any CPU
		{BFF69625-DAE4-4B16-9F5C-1C2D58F33DAF}.Release|x64.Build.0 = Release|Any CPU
		{BFF69625-DAE4-4B16-9F5C-1C2D58F33DAF}.Release|x86.ActiveCfg = Release|Any CPU
		{BFF69625-DAE4-4B16-9F5C-1C2D58F33DAF}.Release|x86.Build.0 = Release|Any CPU
		{E84ADDEA-989C-4D0A-9F11-21B41BB49434}.Debug|Any CPU.ActiveCfg = Debug|Any CPU
		{E84ADDEA-989C-4D0A-9F11-21B41BB49434}.Debug|Any CPU.Build.0 = Debug|Any CPU
		{E84ADDEA-989C-4D0A-9F11-21B41BB49434}.Debug|x64.ActiveCfg = Debug|Any CPU
		{E84ADDEA-989C-4D0A-9F11-21B41BB49434}.Debug|x64.Build.0 = Debug|Any CPU
		{E84ADDEA-989C-4D0A-9F11-21B41BB49434}.Debug|x86.ActiveCfg = Debug|Any CPU
		{E84ADDEA-989C-4D0A-9F11-21B41BB49434}.Debug|x86.Build.0 = Debug|Any CPU
		{E84ADDEA-989C-4D0A-9F11-21B41BB49434}.Release|Any CPU.ActiveCfg = Release|Any CPU
		{E84ADDEA-989C-4D0A-9F11-21B41BB49434}.Release|Any CPU.Build.0 = Release|Any CPU
		{E84ADDEA-989C-4D0A-9F11-21B41BB49434}.Release|x64.ActiveCfg = Release|Any CPU
		{E84ADDEA-989C-4D0A-9F11-21B41BB49434}.Release|x64.Build.0 = Release|Any CPU
		{E84ADDEA-989C-4D0A-9F11-21B41BB49434}.Release|x86.ActiveCfg = Release|Any CPU
		{E84ADDEA-989C-4D0A-9F11-21B41BB49434}.Release|x86.Build.0 = Release|Any CPU
		{EC2E39BD-2898-44F6-8C31-2D03E1F89B47}.Debug|Any CPU.ActiveCfg = Debug|Any CPU
		{EC2E39BD-2898-44F6-8C31-2D03E1F89B47}.Debug|Any CPU.Build.0 = Debug|Any CPU
		{EC2E39BD-2898-44F6-8C31-2D03E1F89B47}.Debug|x64.ActiveCfg = Debug|Any CPU
		{EC2E39BD-2898-44F6-8C31-2D03E1F89B47}.Debug|x64.Build.0 = Debug|Any CPU
		{EC2E39BD-2898-44F6-8C31-2D03E1F89B47}.Debug|x86.ActiveCfg = Debug|Any CPU
		{EC2E39BD-2898-44F6-8C31-2D03E1F89B47}.Debug|x86.Build.0 = Debug|Any CPU
		{EC2E39BD-2898-44F6-8C31-2D03E1F89B47}.Release|Any CPU.ActiveCfg = Release|Any CPU
		{EC2E39BD-2898-44F6-8C31-2D03E1F89B47}.Release|Any CPU.Build.0 = Release|Any CPU
		{EC2E39BD-2898-44F6-8C31-2D03E1F89B47}.Release|x64.ActiveCfg = Release|Any CPU
		{EC2E39BD-2898-44F6-8C31-2D03E1F89B47}.Release|x64.Build.0 = Release|Any CPU
		{EC2E39BD-2898-44F6-8C31-2D03E1F89B47}.Release|x86.ActiveCfg = Release|Any CPU
		{EC2E39BD-2898-44F6-8C31-2D03E1F89B47}.Release|x86.Build.0 = Release|Any CPU
		{8776E81C-19CB-4893-B758-39459B27DF53}.Debug|Any CPU.ActiveCfg = Debug|Any CPU
		{8776E81C-19CB-4893-B758-39459B27DF53}.Debug|Any CPU.Build.0 = Debug|Any CPU
		{8776E81C-19CB-4893-B758-39459B27DF53}.Debug|x64.ActiveCfg = Debug|Any CPU
		{8776E81C-19CB-4893-B758-39459B27DF53}.Debug|x64.Build.0 = Debug|Any CPU
		{8776E81C-19CB-4893-B758-39459B27DF53}.Debug|x86.ActiveCfg = Debug|Any CPU
		{8776E81C-19CB-4893-B758-39459B27DF53}.Debug|x86.Build.0 = Debug|Any CPU
		{8776E81C-19CB-4893-B758-39459B27DF53}.Release|Any CPU.ActiveCfg = Release|Any CPU
		{8776E81C-19CB-4893-B758-39459B27DF53}.Release|Any CPU.Build.0 = Release|Any CPU
		{8776E81C-19CB-4893-B758-39459B27DF53}.Release|x64.ActiveCfg = Release|Any CPU
		{8776E81C-19CB-4893-B758-39459B27DF53}.Release|x64.Build.0 = Release|Any CPU
		{8776E81C-19CB-4893-B758-39459B27DF53}.Release|x86.ActiveCfg = Release|Any CPU
		{8776E81C-19CB-4893-B758-39459B27DF53}.Release|x86.Build.0 = Release|Any CPU
	EndGlobalSection
	GlobalSection(NestedProjects) = preSolution
		{6AEBAEF1-1D69-4937-A788-7F3E1CD0CBAC} = {0C50B87E-5E13-494A-AF23-FF4F33D42889}
		{696CCB62-C0FC-45BC-96B4-30CF4D89891A} = {6AEBAEF1-1D69-4937-A788-7F3E1CD0CBAC}
		{FCF06310-D049-4CFE-B109-FA2B3662D239} = {696CCB62-C0FC-45BC-96B4-30CF4D89891A}
		{AD089B1B-664F-428D-9287-55C28F320449} = {6AEBAEF1-1D69-4937-A788-7F3E1CD0CBAC}
		{EF9CCFD3-181A-4987-BAFC-F8377408F99C} = {AD089B1B-664F-428D-9287-55C28F320449}
		{E1FCD4A1-D89C-4DA7-88FF-A01DD9D08995} = {0C50B87E-5E13-494A-AF23-FF4F33D42889}
		{BFF69625-DAE4-4B16-9F5C-1C2D58F33DAF} = {E1FCD4A1-D89C-4DA7-88FF-A01DD9D08995}
		{40CA5470-9EA5-4CCD-B5EC-C89600464307} = {0C50B87E-5E13-494A-AF23-FF4F33D42889}
		{E84ADDEA-989C-4D0A-9F11-21B41BB49434} = {40CA5470-9EA5-4CCD-B5EC-C89600464307}
		{EC2E39BD-2898-44F6-8C31-2D03E1F89B47} = {40CA5470-9EA5-4CCD-B5EC-C89600464307}
		{8776E81C-19CB-4893-B758-39459B27DF53} = {40CA5470-9EA5-4CCD-B5EC-C89600464307}
	EndGlobalSection
EndGlobal
